github.com/laenzlinger/hugo-kicad-site v1.0.3 h1:x/RasyFzVSw2BLvR0JSqSTcAn5GPR5uNpMg8obtHUjQ=
github.com/laenzlinger/hugo-kicad-site v1.0.3/go.mod h1:Iy7P39Do7OBF99H9j7Fj42VKjkkiz8avb9PDtET1o2k=
github.com/laenzlinger/hugo-kicad-site v1.0.4-0.20260422200928-e97879580ce5 h1:Nb3Mfb3cSXL3MsTrVV2gVoljIdjTr/1yUoFPpZ70PDE=
github.com/laenzlinger/hugo-kicad-site v1.0.4-0.20260422200928-e97879580ce5/go.mod h1:Iy7P39Do7OBF99H9j7Fj42VKjkkiz8avb9PDtET1o2k=
github.com/laenzlinger/hugo-kicad-site v1.0.4-0.20260422214027-f5bbdb5640be h1:GpUn+rxtxtz4wKxjuv+Tg7kAkxivkeMpWCWa+QKbHU8=
github.com/laenzlinger/hugo-kicad-site v1.0.4-0.20260422214027-f5bbdb5640be/go.mod h1:Iy7P39Do7OBF99H9j7Fj42VKjkkiz8avb9PDtET1o2k=
github.com/laenzlinger/hugo-kicad-site v1.0.4-0.20260504204656-173e941bf7a0 h1:gzseyZIcnI0cy1jM975QKrGbo8KRGnTpkfU18xu852Y=
github.com/laenzlinger/hugo-kicad-site v1.0.4-0.20260504204656-173e941bf7a0/go.mod h1:zbzTTe/chYGkxMBZvnd/j2Ceg8VCVryuIChwQLc79Uo=
github.com/laenzlinger/hugo-kicad-site v1.0.4-0.20260506171823-01f0654ab934 h1:TgDPt3fH1mbWXmIt6W7bwjwhFrHLs+Xg7u6ltTOlsLU=
github.com/laenzlinger/hugo-kicad-site v1.0.4-0.20260506171823-01f0654ab934/go.mod h1:zbzTTe/chYGkxMBZvnd/j2Ceg8VCVryuIChwQLc79Uo=
github.com/laenzlinger/hugo-kicad-site v1.0.4-0.20260506174807-7c82995b5862 h1:WXYHjIMT/xKWTD0UAY0xJNTiuuHxQ+yVlRGtTU/PT4c=
github.com/laenzlinger/hugo-kicad-site v1.0.4-0.20260506174807-7c82995b5862/go.mod h1:zbzTTe/chYGkxMBZvnd/j2Ceg8VCVryuIChwQLc79Uo=
github.com/laenzlinger/hugo-kicad-site v1.1.0 h1:oSgWByt6vWYXkCUldVqhssyBYmhAl7UsUJEu4wq6E2M=
github.com/laenzlinger/hugo-kicad-site v1.1.0/go.mod h1:zbzTTe/chYGkxMBZvnd/j2Ceg8VCVryuIChwQLc79Uo=
github.com/laenzlinger/hugo-kicad-site v1.1.1-0.20260506181428-8904582e42d9 h1:SK0aZvtYXUIMy3GQHy7YquWk3P/DjLU1ITMW4hIyBmQ=
github.com/laenzlinger/hugo-kicad-site v1.1.1-0.20260506181428-8904582e42d9/go.mod h1:nuViVjkeTPhmOE6VlTjcpwWKnOler4DPcv08y0J2H68=
github.com/laenzlinger/hugo-kicad-site v1.1.1-0.20260510202933-7a33cbb79792 h1:BmUiERqVgJOSL6LikNeao6HX9lq+6Xa6+8/U6j/SeAc=
github.com/laenzlinger/hugo-kicad-site v1.1.1-0.20260510202933-7a33cbb79792/go.mod h1:nuViVjkeTPhmOE6VlTjcpwWKnOler4DPcv08y0J2H68=
