github.com/laenzlinger/hugo-kicad-site v0.0.0-20260416110347-3a86e62e7a46 h1:3ug1vBgKC8xx7g2u8NpoViY1s8CUYh4qRh0LDGx2zXo=
github.com/laenzlinger/hugo-kicad-site v0.0.0-20260416110347-3a86e62e7a46/go.mod h1:Iy7P39Do7OBF99H9j7Fj42VKjkkiz8avb9PDtET1o2k=
github.com/laenzlinger/hugo-kicad-site v0.0.0-20260416111955-e885cd194f73 h1:wbwMjfyYs/cX1Fr2Xi27JEr5NyZYgjOeItPl4zkEk50=
github.com/laenzlinger/hugo-kicad-site v0.0.0-20260416111955-e885cd194f73/go.mod h1:Iy7P39Do7OBF99H9j7Fj42VKjkkiz8avb9PDtET1o2k=
github.com/laenzlinger/hugo-kicad-site v0.0.0-20260416115220-12421a40220b h1:PdjRZ20N+m6tqC1EyxixP3O6EbnPHy+prebl1hzh5JY=
github.com/laenzlinger/hugo-kicad-site v0.0.0-20260416115220-12421a40220b/go.mod h1:Iy7P39Do7OBF99H9j7Fj42VKjkkiz8avb9PDtET1o2k=
github.com/laenzlinger/hugo-kicad-site v0.0.0-20260416221643-40e5b4aed334 h1:lTlMRW2Lkzs367TdjTxY2rCNPo8NKCznkg1Awxf3sio=
github.com/laenzlinger/hugo-kicad-site v0.0.0-20260416221643-40e5b4aed334/go.mod h1:Iy7P39Do7OBF99H9j7Fj42VKjkkiz8avb9PDtET1o2k=
github.com/laenzlinger/hugo-kicad-site v0.0.0-20260417113825-646f14eddb15 h1:TyT3avQgFVCYpf5XLzwnQdKjudlvi8E+E4IfZf0umyE=
github.com/laenzlinger/hugo-kicad-site v0.0.0-20260417113825-646f14eddb15/go.mod h1:Iy7P39Do7OBF99H9j7Fj42VKjkkiz8avb9PDtET1o2k=
github.com/laenzlinger/hugo-kicad-site v0.0.0-20260417115744-058a724b7b28 h1:d1vOLtuafz+h2hfH0/S3NEnXqujeM9t/PVnICCQkKks=
github.com/laenzlinger/hugo-kicad-site v0.0.0-20260417115744-058a724b7b28/go.mod h1:Iy7P39Do7OBF99H9j7Fj42VKjkkiz8avb9PDtET1o2k=
github.com/laenzlinger/hugo-kicad-site v0.0.0-20260417135851-4b456f52cf65 h1:FWB4ji3nCboH8iZQSJLu6KIgmp9/bceTHGFd9J0wzzM=
github.com/laenzlinger/hugo-kicad-site v0.0.0-20260417135851-4b456f52cf65/go.mod h1:Iy7P39Do7OBF99H9j7Fj42VKjkkiz8avb9PDtET1o2k=
github.com/laenzlinger/hugo-kicad-site v0.0.0-20260417140504-802941a3f268 h1:Q8gUy30jLyuVtURJc6laNSBSTykDZe+2CQh7NOAwHoc=
github.com/laenzlinger/hugo-kicad-site v0.0.0-20260417140504-802941a3f268/go.mod h1:Iy7P39Do7OBF99H9j7Fj42VKjkkiz8avb9PDtET1o2k=
github.com/laenzlinger/hugo-kicad-site v0.0.0-20260417140620-b9cb3e5a518f h1:4rRT+RgoVSgP/oCARJ4F8W9A1UEd5SOZoG9BcyJAK1E=
github.com/laenzlinger/hugo-kicad-site v0.0.0-20260417140620-b9cb3e5a518f/go.mod h1:Iy7P39Do7OBF99H9j7Fj42VKjkkiz8avb9PDtET1o2k=
github.com/laenzlinger/hugo-kicad-site v0.0.0-20260417140915-71449bb2b25f h1:cyVQNj5gdRrZmYXTguZcgtMAy+nHekfaU7tele3j55c=
github.com/laenzlinger/hugo-kicad-site v0.0.0-20260417140915-71449bb2b25f/go.mod h1:Iy7P39Do7OBF99H9j7Fj42VKjkkiz8avb9PDtET1o2k=
github.com/laenzlinger/hugo-kicad-site v0.0.0-20260417141302-cf5e0216e66b h1:z0nTA4C9cvDQq15hdgiBMmZvkYfNZRRFxvPftECk8Q4=
github.com/laenzlinger/hugo-kicad-site v0.0.0-20260417141302-cf5e0216e66b/go.mod h1:Iy7P39Do7OBF99H9j7Fj42VKjkkiz8avb9PDtET1o2k=
github.com/laenzlinger/hugo-kicad-site v0.0.0-20260417141905-aecb8c11bf48 h1:1c6/T37qvNNBajS8gIXIWRod5l+t50b2y386P7EXCvE=
github.com/laenzlinger/hugo-kicad-site v0.0.0-20260417141905-aecb8c11bf48/go.mod h1:Iy7P39Do7OBF99H9j7Fj42VKjkkiz8avb9PDtET1o2k=
github.com/laenzlinger/hugo-kicad-site v0.0.0-20260417142245-baa07485068e h1:2ODrMz28BEP/Z7ePNvOpIuBsUJFPeop2xbQo6IpsMtk=
github.com/laenzlinger/hugo-kicad-site v0.0.0-20260417142245-baa07485068e/go.mod h1:Iy7P39Do7OBF99H9j7Fj42VKjkkiz8avb9PDtET1o2k=
github.com/laenzlinger/hugo-kicad-site v0.0.0-20260417144842-ed132ed4e45a h1:dro5VOtxw3CpL3krSdU09nDAB5/Xig8v6BA1vA65u4o=
github.com/laenzlinger/hugo-kicad-site v0.0.0-20260417144842-ed132ed4e45a/go.mod h1:Iy7P39Do7OBF99H9j7Fj42VKjkkiz8avb9PDtET1o2k=
github.com/laenzlinger/hugo-kicad-site v0.0.0-20260417155657-58cc87165f40 h1:KfmnkCOvWBZWQJ0faSejv5lnDCvqST8w60ryxz7ceXk=
github.com/laenzlinger/hugo-kicad-site v0.0.0-20260417155657-58cc87165f40/go.mod h1:Iy7P39Do7OBF99H9j7Fj42VKjkkiz8avb9PDtET1o2k=
github.com/laenzlinger/hugo-kicad-site v0.0.0-20260417172114-56b2761f082c h1:gpd/DbvQwnAWJTTHWVcpYDk0uYZrb+DGTmU5qOJKKIA=
github.com/laenzlinger/hugo-kicad-site v0.0.0-20260417172114-56b2761f082c/go.mod h1:Iy7P39Do7OBF99H9j7Fj42VKjkkiz8avb9PDtET1o2k=
github.com/laenzlinger/hugo-kicad-site v0.0.0-20260417172357-166e1a961d55 h1:oWTg8BMFS7Vo6CUHa1nU8qimBByO28dH6/KaflaHIAg=
github.com/laenzlinger/hugo-kicad-site v0.0.0-20260417172357-166e1a961d55/go.mod h1:Iy7P39Do7OBF99H9j7Fj42VKjkkiz8avb9PDtET1o2k=
github.com/laenzlinger/hugo-kicad-site v0.0.0-20260417172841-64d54dd7f775 h1:V86Lv3Gw+kmHSrg/At7sit2TdE9D9gEGw9D7vDE4YPE=
github.com/laenzlinger/hugo-kicad-site v0.0.0-20260417172841-64d54dd7f775/go.mod h1:Iy7P39Do7OBF99H9j7Fj42VKjkkiz8avb9PDtET1o2k=
