github.com/laenzlinger/hugo-kicad-site v0.0.0-20260416110347-3a86e62e7a46 h1:3ug1vBgKC8xx7g2u8NpoViY1s8CUYh4qRh0LDGx2zXo=
github.com/laenzlinger/hugo-kicad-site v0.0.0-20260416110347-3a86e62e7a46/go.mod h1:Iy7P39Do7OBF99H9j7Fj42VKjkkiz8avb9PDtET1o2k=
github.com/laenzlinger/hugo-kicad-site v0.0.0-20260416111955-e885cd194f73 h1:wbwMjfyYs/cX1Fr2Xi27JEr5NyZYgjOeItPl4zkEk50=
github.com/laenzlinger/hugo-kicad-site v0.0.0-20260416111955-e885cd194f73/go.mod h1:Iy7P39Do7OBF99H9j7Fj42VKjkkiz8avb9PDtET1o2k=
github.com/laenzlinger/hugo-kicad-site v0.0.0-20260416115220-12421a40220b h1:PdjRZ20N+m6tqC1EyxixP3O6EbnPHy+prebl1hzh5JY=
github.com/laenzlinger/hugo-kicad-site v0.0.0-20260416115220-12421a40220b/go.mod h1:Iy7P39Do7OBF99H9j7Fj42VKjkkiz8avb9PDtET1o2k=
github.com/laenzlinger/hugo-kicad-site v0.0.0-20260416221643-40e5b4aed334 h1:lTlMRW2Lkzs367TdjTxY2rCNPo8NKCznkg1Awxf3sio=
github.com/laenzlinger/hugo-kicad-site v0.0.0-20260416221643-40e5b4aed334/go.mod h1:Iy7P39Do7OBF99H9j7Fj42VKjkkiz8avb9PDtET1o2k=
github.com/laenzlinger/hugo-kicad-site v0.0.0-20260417113825-646f14eddb15 h1:TyT3avQgFVCYpf5XLzwnQdKjudlvi8E+E4IfZf0umyE=
github.com/laenzlinger/hugo-kicad-site v0.0.0-20260417113825-646f14eddb15/go.mod h1:Iy7P39Do7OBF99H9j7Fj42VKjkkiz8avb9PDtET1o2k=
